{
    "_readme": [
        "This file locks the dependencies of your project to a known state",
        "Read more about it at https://getcomposer.org/doc/01-basic-usage.md#installing-dependencies",
        "This file is @generated automatically"
    ],
    "content-hash": "74a5a440d445ee102171ffd76f98c8fd",
    "packages": [
        {
            "name": "boxybird/inertia-wordpress",
            "version": "v0.4.4",
            "source": {
                "type": "git",
                "url": "https://github.com/boxybird/inertia-wordpress.git",
                "reference": "d8be6bd60c1db1227654cdae34e0a07591b215d4"
            },
            "dist": {
                "type": "zip",
                "url": "https://api.github.com/repos/boxybird/inertia-wordpress/zipball/d8be6bd60c1db1227654cdae34e0a07591b215d4",
                "reference": "d8be6bd60c1db1227654cdae34e0a07591b215d4",
                "shasum": ""
            },
            "type": "library",
            "autoload": {
                "psr-4": {
                    "BoxyBird\\Inertia\\": "src/"
                },
                "files": [
                    "src/functions.php"
                ]
            },
            "notification-url": "https://packagist.org/downloads/",
            "license": [
                "MIT"
            ],
            "authors": [
                {
                    "name": "Andrew Rhyand",
                    "email": "hello@andrewrhyand.com"
                }
            ],
            "description": "The WordPress adapter for Inertia.js",
            "keywords": [
                "inertia.js",
                "plugin",
                "wordpress"
            ],
            "support": {
                "issues": "https://github.com/boxybird/inertia-wordpress/issues",
                "source": "https://github.com/boxybird/inertia-wordpress/tree/v0.4.4"
            },
            "time": "2021-07-10T15:43:36+00:00"
        }
    ],
    "packages-dev": [],
    "aliases": [],
    "minimum-stability": "stable",
    "stability-flags": [],
    "prefer-stable": false,
    "prefer-lowest": false,
    "platform": [],
    "platform-dev": [],
    "plugin-api-version": "2.1.0"
}
