{
    "_readme": [
        "This file locks the dependencies of your project to a known state",
        "Read more about it at https://getcomposer.org/doc/01-basic-usage.md#installing-dependencies",
        "This file is @generated automatically"
    ],
    "content-hash": "52f1131672b7a4095c909758b6a3d62f",
    "packages": [
        {
            "name": "boxybird/inertia-wordpress",
            "version": "v0.4.4",
            "source": {
                "type": "git",
                "url": "https://github.com/boxybird/inertia-wordpress.git",
                "reference": "d8be6bd60c1db1227654cdae34e0a07591b215d4"
            },
            "dist": {
                "type": "zip",
                "url": "https://api.github.com/repos/boxybird/inertia-wordpress/zipball/d8be6bd60c1db1227654cdae34e0a07591b215d4",
                "reference": "d8be6bd60c1db1227654cdae34e0a07591b215d4",
                "shasum": ""
            },
            "type": "library",
            "autoload": {
                "psr-4": {
                    "BoxyBird\\Inertia\\": "src/"
                },
                "files": [
                    "src/functions.php"
                ]
            },
            "notification-url": "https://packagist.org/downloads/",
            "license": [
                "MIT"
            ],
            "authors": [
                {
                    "name": "Andrew Rhyand",
                    "email": "hello@andrewrhyand.com"
                }
            ],
            "description": "The WordPress adapter for Inertia.js",
            "keywords": [
                "inertia.js",
                "plugin",
                "wordpress"
            ],
            "support": {
                "issues": "https://github.com/boxybird/inertia-wordpress/issues",
                "source": "https://github.com/boxybird/inertia-wordpress/tree/v0.4.4"
            },
            "time": "2021-07-10T15:43:36+00:00"
        },
        {
            "name": "elipettingale/case-converter",
            "version": "v1.4.1",
            "source": {
                "type": "git",
                "url": "https://github.com/elipettingale/case-converter.git",
                "reference": "4ac2d8bf903b7280df1a4387a7fe874421066fcf"
            },
            "dist": {
                "type": "zip",
                "url": "https://api.github.com/repos/elipettingale/case-converter/zipball/4ac2d8bf903b7280df1a4387a7fe874421066fcf",
                "reference": "4ac2d8bf903b7280df1a4387a7fe874421066fcf",
                "shasum": ""
            },
            "type": "library",
            "autoload": {
                "psr-4": {
                    "EliPett\\CaseConverter\\": "src/"
                },
                "files": [
                    "src/helpers.php"
                ]
            },
            "notification-url": "https://packagist.org/downloads/",
            "license": [
                "MIT"
            ],
            "authors": [
                {
                    "name": "Elliot Pettingale",
                    "email": "elipettingale@gmail.com"
                }
            ],
            "description": "Some helper functions for quickly converting strings to various cases.",
            "support": {
                "issues": "https://github.com/elipettingale/case-converter/issues",
                "source": "https://github.com/elipettingale/case-converter/tree/v1.4.1"
            },
            "time": "2021-04-09T13:44:15+00:00"
        },
        {
            "name": "elipettingale/transformation",
            "version": "v1.1.3",
            "source": {
                "type": "git",
                "url": "https://github.com/elipettingale/transformation.git",
                "reference": "726b7d62f93eaae03b70cb997a414b597d886e0b"
            },
            "dist": {
                "type": "zip",
                "url": "https://api.github.com/repos/elipettingale/transformation/zipball/726b7d62f93eaae03b70cb997a414b597d886e0b",
                "reference": "726b7d62f93eaae03b70cb997a414b597d886e0b",
                "shasum": ""
            },
            "require": {
                "elipettingale/case-converter": "^1.4"
            },
            "type": "library",
            "autoload": {
                "psr-4": {
                    "EliPett\\Transformation\\": "src/"
                }
            },
            "notification-url": "https://packagist.org/downloads/",
            "license": [
                "MIT"
            ],
            "authors": [
                {
                    "name": "Elliot Pettingale",
                    "email": "elipettingale@gmail.com"
                }
            ],
            "description": "A package to easily transform data by creating transformer classes.",
            "support": {
                "issues": "https://github.com/elipettingale/transformation/issues",
                "source": "https://github.com/elipettingale/transformation/tree/v1.1.3"
            },
            "time": "2021-04-09T13:50:27+00:00"
        },
        {
            "name": "elipettingale/wordpress-transformation",
            "version": "dev-master",
            "source": {
                "type": "git",
                "url": "https://github.com/elipettingale/wordpress-transformation.git",
                "reference": "e00c8fc276306c4097ed3142e37d2f6bb3000cc9"
            },
            "dist": {
                "type": "zip",
                "url": "https://api.github.com/repos/elipettingale/wordpress-transformation/zipball/e00c8fc276306c4097ed3142e37d2f6bb3000cc9",
                "reference": "e00c8fc276306c4097ed3142e37d2f6bb3000cc9",
                "shasum": ""
            },
            "require": {
                "elipettingale/case-converter": "1.4.*",
                "elipettingale/transformation": "1.1.*"
            },
            "default-branch": true,
            "type": "library",
            "autoload": {
                "psr-4": {
                    "EliPett\\Transformation\\": "src/"
                }
            },
            "notification-url": "https://packagist.org/downloads/",
            "license": [
                "MIT"
            ],
            "authors": [
                {
                    "name": "Elliot Pettingale",
                    "email": "elipettingale@gmail.com"
                }
            ],
            "description": "A package to easily transform data by creating transformer classes (wordpress version)",
            "support": {
                "issues": "https://github.com/elipettingale/wordpress-transformation/issues",
                "source": "https://github.com/elipettingale/wordpress-transformation/tree/develop"
            },
            "time": "2021-10-09T09:04:48+00:00"
        }
    ],
    "packages-dev": [],
    "aliases": [],
    "minimum-stability": "stable",
    "stability-flags": {
        "elipettingale/wordpress-transformation": 20
    },
    "prefer-stable": false,
    "prefer-lowest": false,
    "platform": [],
    "platform-dev": [],
    "plugin-api-version": "2.1.0"
}
